
Microsoft Visual Studio Solution File, Format Version 12.00
# Visual Studio 15
VisualStudioVersion = 15.0.28307.1525
MinimumVisualStudioVersion = 10.0.40219.1
Project("{8BC9CEB8-8B4A-11D0-8D11-00A0C91BC942}") = "PeepoDrumKitGui", "PeepoDrumKitGui.vcxproj", "{D017138E-11C7-478C-9BD9-A154CA00EACE}"
EndProject
Global
	GlobalSection(SolutionConfigurationPlatforms) = preSolution
		Debug|x64 = Debug|x64
		Release|x64 = Release|x64
	EndGlobalSection
	GlobalSection(ProjectConfigurationPlatforms) = postSolution
		{D017138E-11C7-478C-9BD9-A154CA00EACE}.Debug|x64.ActiveCfg = Debug|x64
		{D017138E-11C7-478C-9BD9-A154CA00EACE}.Debug|x64.Build.0 = Debug|x64
		{D017138E-11C7-478C-9BD9-A154CA00EACE}.Release|x64.ActiveCfg = Release|x64
		{D017138E-11C7-478C-9BD9-A154CA00EACE}.Release|x64.Build.0 = Release|x64
	EndGlobalSection
	GlobalSection(SolutionProperties) = preSolution
		HideSolutionNode = FALSE
	EndGlobalSection
	GlobalSection(ExtensibilityGlobals) = postSolution
		SolutionGuid = {EEFE2E1F-73E2-4031-BE5C-DB349EF40E19}
	EndGlobalSection
EndGlobal
