<?xml version="1.0" encoding="utf-8"?>
<Project ToolsVersion="4.0" xmlns="http://schemas.microsoft.com/developer/msbuild/2003">
  <ItemGroup>
    <Filter Include="Source Files">
      <UniqueIdentifier>{4FC737F1-C7A5-4376-A066-2A32D752A2FF}</UniqueIdentifier>
      <Extensions>cpp;c;cc;cxx;def;odl;idl;hpj;bat;asm;asmx</Extensions>
    </Filter>
    <Filter Include="Header Files">
      <UniqueIdentifier>{93995380-89BD-4b04-88EB-625FBE52EBFB}</UniqueIdentifier>
      <Extensions>h;hh;hpp;hxx;hm;inl;inc;ipp;xsd</Extensions>
    </Filter>
    <Filter Include="Resource Files">
      <UniqueIdentifier>{67DA6AB6-F800-4c08-8B7A-83BB121AAD01}</UniqueIdentifier>
      <Extensions>rc;ico;cur;bmp;dlg;rc2;rct;bin;rgs;gif;jpg;jpeg;jpe;resx;tiff;tif;png;wav;mfcribbon-ms</Extensions>
    </Filter>
  </ItemGroup>
  <ItemGroup>
    <ClCompile Include="src\imgui\3rdparty\imgui.cpp">
      <Filter>Source Files</Filter>
    </ClCompile>
    <ClCompile Include="src\imgui\3rdparty\imgui_demo.cpp">
      <Filter>Source Files</Filter>
    </ClCompile>
    <ClCompile Include="src\imgui\3rdparty\imgui_draw.cpp">
      <Filter>Source Files</Filter>
    </ClCompile>
    <ClCompile Include="src\imgui\3rdparty\imgui_tables.cpp">
      <Filter>Source Files</Filter>
    </ClCompile>
    <ClCompile Include="src\imgui\3rdparty\imgui_widgets.cpp">
      <Filter>Source Files</Filter>
    </ClCompile>
    <ClCompile Include="src\imgui\backend\imgui_application_host.cpp">
      <Filter>Source Files</Filter>
    </ClCompile>
    <ClCompile Include="src\imgui\backend\imgui_impl_d3d11.cpp">
      <Filter>Source Files</Filter>
    </ClCompile>
    <ClCompile Include="src\imgui\backend\imgui_impl_win32.cpp">
      <Filter>Source Files</Filter>
    </ClCompile>
    <ClCompile Include="src\imgui\extension\imgui_common.cpp">
      <Filter>Source Files</Filter>
    </ClCompile>
    <ClCompile Include="src\core_io.cpp">
      <Filter>Source Files</Filter>
    </ClCompile>
    <ClCompile Include="src\core_string.cpp">
      <Filter>Source Files</Filter>
    </ClCompile>
    <ClCompile Include="src\core_types.cpp">
      <Filter>Source Files</Filter>
    </ClCompile>
    <ClCompile Include="src\imgui\3rdparty_extension\ImGuiColorTextEdit\TextEditor.cpp">
      <Filter>Source Files</Filter>
    </ClCompile>
    <ClCompile Include="src\core_beat.cpp">
      <Filter>Source Files</Filter>
    </ClCompile>
    <ClCompile Include="src\peepo_drum_kit\chart_editor.cpp">
      <Filter>Source Files</Filter>
    </ClCompile>
    <ClCompile Include="src\audio\audio_file_formats.cpp">
      <Filter>Source Files</Filter>
    </ClCompile>
    <ClCompile Include="src\audio\audio_common.cpp">
      <Filter>Source Files</Filter>
    </ClCompile>
    <ClCompile Include="src\audio\audio_engine.cpp">
      <Filter>Source Files</Filter>
    </ClCompile>
    <ClCompile Include="src\peepo_drum_kit\test_gui_tja.cpp">
      <Filter>Source Files</Filter>
    </ClCompile>
    <ClCompile Include="src\peepo_drum_kit\test_gui_audio.cpp">
      <Filter>Source Files</Filter>
    </ClCompile>
    <ClCompile Include="src\peepo_drum_kit\chart.cpp">
      <Filter>Source Files</Filter>
    </ClCompile>
    <ClCompile Include="src\core_undo.cpp">
      <Filter>Source Files</Filter>
    </ClCompile>
    <ClCompile Include="src\imgui\extension\imgui_input_binding.cpp">
      <Filter>Source Files</Filter>
    </ClCompile>
    <ClCompile Include="src\peepo_drum_kit\chart_editor_widgets.cpp">
      <Filter>Source Files</Filter>
    </ClCompile>
    <ClCompile Include="src\peepo_drum_kit\chart_editor_settings_gui.cpp">
      <Filter>Source Files</Filter>
    </ClCompile>
    <ClCompile Include="src\audio\audio_backend_wasapi.cpp">
      <Filter>Source Files</Filter>
    </ClCompile>
    <ClCompile Include="src\audio\audio_file_formats_vorbis.c">
      <Filter>Source Files</Filter>
    </ClCompile>
    <ClCompile Include="src\peepo_drum_kit\chart_editor_settings.cpp">
      <Filter>Source Files</Filter>
    </ClCompile>
    <ClCompile Include="src\peepo_drum_kit\chart_editor_timeline.cpp">
      <Filter>Source Files</Filter>
    </ClCompile>
    <ClCompile Include="src\peepo_drum_kit\chart_editor_widgets_game.cpp">
      <Filter>Source Files</Filter>
    </ClCompile>
    <ClCompile Include="src\peepo_drum_kit\chart_editor_sound.cpp">
      <Filter>Source Files</Filter>
    </ClCompile>
    <ClCompile Include="src\peepo_drum_kit\chart_editor_main.cpp">
      <Filter>Source Files</Filter>
    </ClCompile>
    <ClCompile Include="src\file_format_fumen.cpp">
      <Filter>Source Files</Filter>
    </ClCompile>
    <ClCompile Include="src\file_format_tja.cpp">
      <Filter>Source Files</Filter>
    </ClCompile>
  </ItemGroup>
  <ItemGroup>
    <ClInclude Include="src\imgui\3rdparty\imconfig.h">
      <Filter>Header Files</Filter>
    </ClInclude>
    <ClInclude Include="src\imgui\3rdparty\imgui.h">
      <Filter>Header Files</Filter>
    </ClInclude>
    <ClInclude Include="src\imgui\3rdparty\imgui_internal.h">
      <Filter>Header Files</Filter>
    </ClInclude>
    <ClInclude Include="src\imgui\3rdparty\imstb_rectpack.h">
      <Filter>Header Files</Filter>
    </ClInclude>
    <ClInclude Include="src\imgui\3rdparty\imstb_textedit.h">
      <Filter>Header Files</Filter>
    </ClInclude>
    <ClInclude Include="src\imgui\3rdparty\imstb_truetype.h">
      <Filter>Header Files</Filter>
    </ClInclude>
    <ClInclude Include="src\imgui\backend\imgui_application_host.h">
      <Filter>Header Files</Filter>
    </ClInclude>
    <ClInclude Include="src\imgui\backend\imgui_impl_d3d11.h">
      <Filter>Header Files</Filter>
    </ClInclude>
    <ClInclude Include="src\imgui\backend\imgui_impl_win32.h">
      <Filter>Header Files</Filter>
    </ClInclude>
    <ClInclude Include="src\imgui\extension\imgui_common.h">
      <Filter>Header Files</Filter>
    </ClInclude>
    <ClInclude Include="src\imgui\imgui_include.h">
      <Filter>Header Files</Filter>
    </ClInclude>
    <ClInclude Include="src\core_io.h">
      <Filter>Header Files</Filter>
    </ClInclude>
    <ClInclude Include="src\core_string.h">
      <Filter>Header Files</Filter>
    </ClInclude>
    <ClInclude Include="src\core_types.h">
      <Filter>Header Files</Filter>
    </ClInclude>
    <ClInclude Include="src_res\resource.h">
      <Filter>Header Files</Filter>
    </ClInclude>
    <ClInclude Include="src\imgui\3rdparty_extension\ImGuiColorTextEdit\TextEditor.h">
      <Filter>Header Files</Filter>
    </ClInclude>
    <ClInclude Include="src\core_beat.h">
      <Filter>Header Files</Filter>
    </ClInclude>
    <ClInclude Include="src\peepo_drum_kit\chart_editor.h">
      <Filter>Header Files</Filter>
    </ClInclude>
    <ClInclude Include="src\peepo_drum_kit\chart.h">
      <Filter>Header Files</Filter>
    </ClInclude>
    <ClInclude Include="src\core_undo.h">
      <Filter>Header Files</Filter>
    </ClInclude>
    <ClInclude Include="src\audio\audio_file_formats.h">
      <Filter>Header Files</Filter>
    </ClInclude>
    <ClInclude Include="src\audio\audio_common.h">
      <Filter>Header Files</Filter>
    </ClInclude>
    <ClInclude Include="src\audio\audio_engine.h">
      <Filter>Header Files</Filter>
    </ClInclude>
    <ClInclude Include="src\peepo_drum_kit\test_gui_audio.h">
      <Filter>Header Files</Filter>
    </ClInclude>
    <ClInclude Include="src\peepo_drum_kit\test_gui_tja.h">
      <Filter>Header Files</Filter>
    </ClInclude>
    <ClInclude Include="src\imgui\extension\imgui_input_binding.h">
      <Filter>Header Files</Filter>
    </ClInclude>
    <ClInclude Include="src\audio\audio_waveform.h">
      <Filter>Header Files</Filter>
    </ClInclude>
    <ClInclude Include="src\peepo_drum_kit\chart_editor_context.h">
      <Filter>Header Files</Filter>
    </ClInclude>
    <ClInclude Include="src\core_build_info.h">
      <Filter>Header Files</Filter>
    </ClInclude>
    <ClInclude Include="src\peepo_drum_kit\chart_editor_widgets.h">
      <Filter>Header Files</Filter>
    </ClInclude>
    <ClInclude Include="src\peepo_drum_kit\chart_editor_settings_gui.h">
      <Filter>Header Files</Filter>
    </ClInclude>
    <ClInclude Include="src\audio\audio_backend.h">
      <Filter>Header Files</Filter>
    </ClInclude>
    <ClInclude Include="src\peepo_drum_kit\chart_editor_settings.h">
      <Filter>Header Files</Filter>
    </ClInclude>
    <ClInclude Include="src\peepo_drum_kit\chart_editor_timeline.h">
      <Filter>Header Files</Filter>
    </ClInclude>
    <ClInclude Include="src\peepo_drum_kit\chart_editor_common.h">
      <Filter>Header Files</Filter>
    </ClInclude>
    <ClInclude Include="src\peepo_drum_kit\chart_editor_sound.h">
      <Filter>Header Files</Filter>
    </ClInclude>
    <ClInclude Include="src\peepo_drum_kit\chart_editor_undo.h">
      <Filter>Header Files</Filter>
    </ClInclude>
    <ClInclude Include="src\peepo_drum_kit\chart_editor_i18n.h">
      <Filter>Header Files</Filter>
    </ClInclude>
    <ClInclude Include="src\file_format_fumen.h">
      <Filter>Header Files</Filter>
    </ClInclude>
    <ClInclude Include="src\file_format_tja.h">
      <Filter>Header Files</Filter>
    </ClInclude>
  </ItemGroup>
  <ItemGroup>
    <ResourceCompile Include="src_res\Resource.rc">
      <Filter>Resource Files</Filter>
    </ResourceCompile>
  </ItemGroup>
  <ItemGroup>
    <None Include="src_res\Resource.aps" />
  </ItemGroup>
</Project>